
Microsoft Visual Studio Solution File, Format Version 12.00
# Visual Studio Version 17
VisualStudioVersion = 17.5.002.0
MinimumVisualStudioVersion = 10.0.40219.1
Project("{9A19103F-16F7-4668-BE54-9A1E7A4F7556}") = "BryantAMiniChallange1", "BryantAMiniChallange1.csproj", "{55C76FD8-2EAE-4B30-8C4B-836F7C308E80}"
EndProject
Global
	GlobalSection(SolutionConfigurationPlatforms) = preSolution
		Debug|Any CPU = Debug|Any CPU
		Release|Any CPU = Release|Any CPU
	EndGlobalSection
	GlobalSection(ProjectConfigurationPlatforms) = postSolution
		{55C76FD8-2EAE-4B30-8C4B-836F7C308E80}.Debug|Any CPU.ActiveCfg = Debug|Any CPU
		{55C76FD8-2EAE-4B30-8C4B-836F7C308E80}.Debug|Any CPU.Build.0 = Debug|Any CPU
		{55C76FD8-2EAE-4B30-8C4B-836F7C308E80}.Release|Any CPU.ActiveCfg = Release|Any CPU
		{55C76FD8-2EAE-4B30-8C4B-836F7C308E80}.Release|Any CPU.Build.0 = Release|Any CPU
	EndGlobalSection
	GlobalSection(SolutionProperties) = preSolution
		HideSolutionNode = FALSE
	EndGlobalSection
	GlobalSection(ExtensibilityGlobals) = postSolution
		SolutionGuid = {6B72E761-1609-4583-A8E8-6347AFB096B7}
	EndGlobalSection
EndGlobal
